
Microsoft Visual Studio Solution File, Format Version 12.00
# Visual Studio Version 16
VisualStudioVersion = 16.0.31129.286
MinimumVisualStudioVersion = 10.0.40219.1
Project("{FAE04EC0-301F-11D3-BF4B-00C04F79EFBC}") = "Uzduotis4", "Uzduotis4\Uzduotis4.csproj", "{9753D564-250D-447A-9355-7937F8F6D416}"
EndProject
Global
	GlobalSection(SolutionConfigurationPlatforms) = preSolution
		Debug|Any CPU = Debug|Any CPU
		Release|Any CPU = Release|Any CPU
	EndGlobalSection
	GlobalSection(ProjectConfigurationPlatforms) = postSolution
		{9753D564-250D-447A-9355-7937F8F6D416}.Debug|Any CPU.ActiveCfg = Debug|Any CPU
		{9753D564-250D-447A-9355-7937F8F6D416}.Debug|Any CPU.Build.0 = Debug|Any CPU
		{9753D564-250D-447A-9355-7937F8F6D416}.Release|Any CPU.ActiveCfg = Release|Any CPU
		{9753D564-250D-447A-9355-7937F8F6D416}.Release|Any CPU.Build.0 = Release|Any CPU
	EndGlobalSection
	GlobalSection(SolutionProperties) = preSolution
		HideSolutionNode = FALSE
	EndGlobalSection
	GlobalSection(ExtensibilityGlobals) = postSolution
		SolutionGuid = {54D23EAE-1B89-4FB9-AA7B-D97BDFD48D56}
	EndGlobalSection
EndGlobal
